
Microsoft Visual Studio Solution File, Format Version 12.00
# Visual Studio Version 17
VisualStudioVersion = 17.8.34322.80
MinimumVisualStudioVersion = 10.0.40219.1
Project("{FAE04EC0-301F-11D3-BF4B-00C04F79EFBC}") = "Proyecto_Final_Tareas", "Proyecto_Final_Tareas\Proyecto_Final_Tareas.csproj", "{D198976A-7814-49FE-8A8C-38F91A36FFDE}"
EndProject
Global
	GlobalSection(SolutionConfigurationPlatforms) = preSolution
		Debug|Any CPU = Debug|Any CPU
		Release|Any CPU = Release|Any CPU
	EndGlobalSection
	GlobalSection(ProjectConfigurationPlatforms) = postSolution
		{D198976A-7814-49FE-8A8C-38F91A36FFDE}.Debug|Any CPU.ActiveCfg = Debug|Any CPU
		{D198976A-7814-49FE-8A8C-38F91A36FFDE}.Debug|Any CPU.Build.0 = Debug|Any CPU
		{D198976A-7814-49FE-8A8C-38F91A36FFDE}.Release|Any CPU.ActiveCfg = Release|Any CPU
		{D198976A-7814-49FE-8A8C-38F91A36FFDE}.Release|Any CPU.Build.0 = Release|Any CPU
	EndGlobalSection
	GlobalSection(SolutionProperties) = preSolution
		HideSolutionNode = FALSE
	EndGlobalSection
	GlobalSection(ExtensibilityGlobals) = postSolution
		SolutionGuid = {7049380C-8F97-43BF-89CA-215BDCB43374}
	EndGlobalSection
EndGlobal
